
Microsoft Visual Studio Solution File, Format Version 12.00
# Visual Studio Version 16
VisualStudioVersion = 16.0.30413.136
MinimumVisualStudioVersion = 10.0.40219.1
Project("{FAE04EC0-301F-11D3-BF4B-00C04F79EFBC}") = "Lesson1_Task1_MiddleWare", "Lesson1_Task1_MiddleWare\Lesson1_Task1_MiddleWare.csproj", "{A7542EE7-E862-43F7-80E1-CA12D928B557}"
EndProject
Global
	GlobalSection(SolutionConfigurationPlatforms) = preSolution
		Debug|Any CPU = Debug|Any CPU
		Release|Any CPU = Release|Any CPU
	EndGlobalSection
	GlobalSection(ProjectConfigurationPlatforms) = postSolution
		{A7542EE7-E862-43F7-80E1-CA12D928B557}.Debug|Any CPU.ActiveCfg = Debug|Any CPU
		{A7542EE7-E862-43F7-80E1-CA12D928B557}.Debug|Any CPU.Build.0 = Debug|Any CPU
		{A7542EE7-E862-43F7-80E1-CA12D928B557}.Release|Any CPU.ActiveCfg = Release|Any CPU
		{A7542EE7-E862-43F7-80E1-CA12D928B557}.Release|Any CPU.Build.0 = Release|Any CPU
	EndGlobalSection
	GlobalSection(SolutionProperties) = preSolution
		HideSolutionNode = FALSE
	EndGlobalSection
	GlobalSection(ExtensibilityGlobals) = postSolution
		SolutionGuid = {8B95EAA7-E11A-4E80-A4C0-1C6C4EFD15AD}
	EndGlobalSection
EndGlobal
